// !$*UTF8*$!
{
	archiveVersion = 1;
	classes = {
	};
	objectVersion = 56;
	objects = {

/* Begin PBXBuildFile section */
		6F0086612C0BB08E00910D8C /* projectSelectionView.swift in Sources */ = {isa = PBXBuildFile; fileRef = 6F0086602C0BB08E00910D8C /* projectSelectionView.swift */; };
		6F0086642C0BC00E00910D8C /* left.swift in Sources */ = {isa = PBXBuildFile; fileRef = 6F0086632C0BC00E00910D8C /* left.swift */; };
		6F0086662C0BC0B200910D8C /* right.swift in Sources */ = {isa = PBXBuildFile; fileRef = 6F0086652C0BC0B200910D8C /* right.swift */; };
		6F00866A2C0C806800910D8C /* setupView.swift in Sources */ = {isa = PBXBuildFile; fileRef = 6F0086692C0C806800910D8C /* setupView.swift */; };
		6F00866D2C0C80CD00910D8C /* mixerView.swift in Sources */ = {isa = PBXBuildFile; fileRef = 6F00866C2C0C80CD00910D8C /* mixerView.swift */; };
		6FC801112C0A10CA00964AB9 /* PrismDMXProApp.swift in Sources */ = {isa = PBXBuildFile; fileRef = 6FC801102C0A10CA00964AB9 /* PrismDMXProApp.swift */; };
		6FC801132C0A10CA00964AB9 /* parentView.swift in Sources */ = {isa = PBXBuildFile; fileRef = 6FC801122C0A10CA00964AB9 /* parentView.swift */; };
		6FC801152C0A10CB00964AB9 /* Assets.xcassets in Resources */ = {isa = PBXBuildFile; fileRef = 6FC801142C0A10CB00964AB9 /* Assets.xcassets */; };
		6FC801192C0A10CB00964AB9 /* Preview Assets.xcassets in Resources */ = {isa = PBXBuildFile; fileRef = 6FC801182C0A10CB00964AB9 /* Preview Assets.xcassets */; };
		6FC801232C0A10CB00964AB9 /* PrismDMXProTests.swift in Sources */ = {isa = PBXBuildFile; fileRef = 6FC801222C0A10CB00964AB9 /* PrismDMXProTests.swift */; };
		6FC8012D2C0A10CB00964AB9 /* PrismDMXProUITests.swift in Sources */ = {isa = PBXBuildFile; fileRef = 6FC8012C2C0A10CB00964AB9 /* PrismDMXProUITests.swift */; };
		6FC8012F2C0A10CB00964AB9 /* PrismDMXProUITestsLaunchTests.swift in Sources */ = {isa = PBXBuildFile; fileRef = 6FC8012E2C0A10CB00964AB9 /* PrismDMXProUITestsLaunchTests.swift */; };
		6FC8013D2C0A13CF00964AB9 /* OmenTextField in Frameworks */ = {isa = PBXBuildFile; productRef = 6FC8013C2C0A13CF00964AB9 /* OmenTextField */; };
		6FC801402C0A14F100964AB9 /* NWWebSocket in Frameworks */ = {isa = PBXBuildFile; productRef = 6FC8013F2C0A14F100964AB9 /* NWWebSocket */; };
		6FC801432C0A176600964AB9 /* PageView in Frameworks */ = {isa = PBXBuildFile; productRef = 6FC801422C0A176600964AB9 /* PageView */; };
		6FC801462C0A177800964AB9 /* Sliders in Frameworks */ = {isa = PBXBuildFile; productRef = 6FC801452C0A177800964AB9 /* Sliders */; };
		6FC801492C0A17CD00964AB9 /* SwiftClockUI in Frameworks */ = {isa = PBXBuildFile; productRef = 6FC801482C0A17CD00964AB9 /* SwiftClockUI */; };
		6FC801502C0A1BF200964AB9 /* clientData.swift in Sources */ = {isa = PBXBuildFile; fileRef = 6FC8014F2C0A1BF200964AB9 /* clientData.swift */; };
		6FC801522C0A1C0D00964AB9 /* welcomeScreen.swift in Sources */ = {isa = PBXBuildFile; fileRef = 6FC801512C0A1C0D00964AB9 /* welcomeScreen.swift */; };
		6FC801542C0A1E5F00964AB9 /* ws.swift in Sources */ = {isa = PBXBuildFile; fileRef = 6FC801532C0A1E5F00964AB9 /* ws.swift */; };
		6FC8015E2C0A360100964AB9 /* networkingSettings.swift in Sources */ = {isa = PBXBuildFile; fileRef = 6FC8015D2C0A360100964AB9 /* networkingSettings.swift */; };
		6FC801612C0A368B00964AB9 /* packet.swift in Sources */ = {isa = PBXBuildFile; fileRef = 6FC801602C0A368B00964AB9 /* packet.swift */; };
/* End PBXBuildFile section */

/* Begin PBXContainerItemProxy section */
		6FC8011F2C0A10CB00964AB9 /* PBXContainerItemProxy */ = {
			isa = PBXContainerItemProxy;
			containerPortal = 6FC801052C0A10CA00964AB9 /* Project object */;
			proxyType = 1;
			remoteGlobalIDString = 6FC8010C2C0A10CA00964AB9;
			remoteInfo = PrismDMXPro;
		};
		6FC801292C0A10CB00964AB9 /* PBXContainerItemProxy */ = {
			isa = PBXContainerItemProxy;
			containerPortal = 6FC801052C0A10CA00964AB9 /* Project object */;
			proxyType = 1;
			remoteGlobalIDString = 6FC8010C2C0A10CA00964AB9;
			remoteInfo = PrismDMXPro;
		};
/* End PBXContainerItemProxy section */

/* Begin PBXFileReference section */
		6F0086602C0BB08E00910D8C /* projectSelectionView.swift */ = {isa = PBXFileReference; lastKnownFileType = sourcecode.swift; path = projectSelectionView.swift; sourceTree = "<group>"; };
		6F0086632C0BC00E00910D8C /* left.swift */ = {isa = PBXFileReference; lastKnownFileType = sourcecode.swift; path = left.swift; sourceTree = "<group>"; };
		6F0086652C0BC0B200910D8C /* right.swift */ = {isa = PBXFileReference; lastKnownFileType = sourcecode.swift; path = right.swift; sourceTree = "<group>"; };
		6F0086692C0C806800910D8C /* setupView.swift */ = {isa = PBXFileReference; lastKnownFileType = sourcecode.swift; path = setupView.swift; sourceTree = "<group>"; };
		6F00866C2C0C80CD00910D8C /* mixerView.swift */ = {isa = PBXFileReference; lastKnownFileType = sourcecode.swift; path = mixerView.swift; sourceTree = "<group>"; };
		6FC8010D2C0A10CA00964AB9 /* PrismDMXPro.app */ = {isa = PBXFileReference; explicitFileType = wrapper.application; includeInIndex = 0; path = PrismDMXPro.app; sourceTree = BUILT_PRODUCTS_DIR; };
		6FC801102C0A10CA00964AB9 /* PrismDMXProApp.swift */ = {isa = PBXFileReference; lastKnownFileType = sourcecode.swift; path = PrismDMXProApp.swift; sourceTree = "<group>"; };
		6FC801122C0A10CA00964AB9 /* parentView.swift */ = {isa = PBXFileReference; lastKnownFileType = sourcecode.swift; path = parentView.swift; sourceTree = "<group>"; };
		6FC801142C0A10CB00964AB9 /* Assets.xcassets */ = {isa = PBXFileReference; lastKnownFileType = folder.assetcatalog; path = Assets.xcassets; sourceTree = "<group>"; };
		6FC801162C0A10CB00964AB9 /* PrismDMXPro.entitlements */ = {isa = PBXFileReference; lastKnownFileType = text.plist.entitlements; path = PrismDMXPro.entitlements; sourceTree = "<group>"; };
		6FC801182C0A10CB00964AB9 /* Preview Assets.xcassets */ = {isa = PBXFileReference; lastKnownFileType = folder.assetcatalog; path = "Preview Assets.xcassets"; sourceTree = "<group>"; };
		6FC8011E2C0A10CB00964AB9 /* PrismDMXProTests.xctest */ = {isa = PBXFileReference; explicitFileType = wrapper.cfbundle; includeInIndex = 0; path = PrismDMXProTests.xctest; sourceTree = BUILT_PRODUCTS_DIR; };
		6FC801222C0A10CB00964AB9 /* PrismDMXProTests.swift */ = {isa = PBXFileReference; lastKnownFileType = sourcecode.swift; path = PrismDMXProTests.swift; sourceTree = "<group>"; };
		6FC801282C0A10CB00964AB9 /* PrismDMXProUITests.xctest */ = {isa = PBXFileReference; explicitFileType = wrapper.cfbundle; includeInIndex = 0; path = PrismDMXProUITests.xctest; sourceTree = BUILT_PRODUCTS_DIR; };
		6FC8012C2C0A10CB00964AB9 /* PrismDMXProUITests.swift */ = {isa = PBXFileReference; lastKnownFileType = sourcecode.swift; path = PrismDMXProUITests.swift; sourceTree = "<group>"; };
		6FC8012E2C0A10CB00964AB9 /* PrismDMXProUITestsLaunchTests.swift */ = {isa = PBXFileReference; lastKnownFileType = sourcecode.swift; path = PrismDMXProUITestsLaunchTests.swift; sourceTree = "<group>"; };
		6FC8014F2C0A1BF200964AB9 /* clientData.swift */ = {isa = PBXFileReference; lastKnownFileType = sourcecode.swift; path = clientData.swift; sourceTree = "<group>"; };
		6FC801512C0A1C0D00964AB9 /* welcomeScreen.swift */ = {isa = PBXFileReference; lastKnownFileType = sourcecode.swift; path = welcomeScreen.swift; sourceTree = "<group>"; };
		6FC801532C0A1E5F00964AB9 /* ws.swift */ = {isa = PBXFileReference; lastKnownFileType = sourcecode.swift; path = ws.swift; sourceTree = "<group>"; };
		6FC8015D2C0A360100964AB9 /* networkingSettings.swift */ = {isa = PBXFileReference; lastKnownFileType = sourcecode.swift; path = networkingSettings.swift; sourceTree = "<group>"; };
		6FC801602C0A368B00964AB9 /* packet.swift */ = {isa = PBXFileReference; lastKnownFileType = sourcecode.swift; path = packet.swift; sourceTree = "<group>"; };
/* End PBXFileReference section */

/* Begin PBXFrameworksBuildPhase section */
		6FC8010A2C0A10CA00964AB9 /* Frameworks */ = {
			isa = PBXFrameworksBuildPhase;
			buildActionMask = 2147483647;
			files = (
				6FC801492C0A17CD00964AB9 /* SwiftClockUI in Frameworks */,
				6FC8013D2C0A13CF00964AB9 /* OmenTextField in Frameworks */,
				6FC801462C0A177800964AB9 /* Sliders in Frameworks */,
				6FC801432C0A176600964AB9 /* PageView in Frameworks */,
				6FC801402C0A14F100964AB9 /* NWWebSocket in Frameworks */,
			);
			runOnlyForDeploymentPostprocessing = 0;
		};
		6FC8011B2C0A10CB00964AB9 /* Frameworks */ = {
			isa = PBXFrameworksBuildPhase;
			buildActionMask = 2147483647;
			files = (
			);
			runOnlyForDeploymentPostprocessing = 0;
		};
		6FC801252C0A10CB00964AB9 /* Frameworks */ = {
			isa = PBXFrameworksBuildPhase;
			buildActionMask = 2147483647;
			files = (
			);
			runOnlyForDeploymentPostprocessing = 0;
		};
/* End PBXFrameworksBuildPhase section */

/* Begin PBXGroup section */
		6F0086622C0BC00400910D8C /* orientation */ = {
			isa = PBXGroup;
			children = (
				6F0086632C0BC00E00910D8C /* left.swift */,
				6F0086652C0BC0B200910D8C /* right.swift */,
			);
			path = orientation;
			sourceTree = "<group>";
		};
		6F0086672C0C802900910D8C /* onboarding */ = {
			isa = PBXGroup;
			children = (
				6FC8015D2C0A360100964AB9 /* networkingSettings.swift */,
				6FC801512C0A1C0D00964AB9 /* welcomeScreen.swift */,
				6F0086602C0BB08E00910D8C /* projectSelectionView.swift */,
			);
			path = onboarding;
			sourceTree = "<group>";
		};
		6F0086682C0C804300910D8C /* setup */ = {
			isa = PBXGroup;
			children = (
				6F0086692C0C806800910D8C /* setupView.swift */,
			);
			path = setup;
			sourceTree = "<group>";
		};
		6F00866B2C0C80C000910D8C /* mixer */ = {
			isa = PBXGroup;
			children = (
				6F00866C2C0C80CD00910D8C /* mixerView.swift */,
			);
			path = mixer;
			sourceTree = "<group>";
		};
		6FC801042C0A10CA00964AB9 = {
			isa = PBXGroup;
			children = (
				6FC8010F2C0A10CA00964AB9 /* PrismDMXPro */,
				6FC801212C0A10CB00964AB9 /* PrismDMXProTests */,
				6FC8012B2C0A10CB00964AB9 /* PrismDMXProUITests */,
				6FC8010E2C0A10CA00964AB9 /* Products */,
			);
			sourceTree = "<group>";
		};
		6FC8010E2C0A10CA00964AB9 /* Products */ = {
			isa = PBXGroup;
			children = (
				6FC8010D2C0A10CA00964AB9 /* PrismDMXPro.app */,
				6FC8011E2C0A10CB00964AB9 /* PrismDMXProTests.xctest */,
				6FC801282C0A10CB00964AB9 /* PrismDMXProUITests.xctest */,
			);
			name = Products;
			sourceTree = "<group>";
		};
		6FC8010F2C0A10CA00964AB9 /* PrismDMXPro */ = {
			isa = PBXGroup;
			children = (
				6FC8014A2C0A1BC000964AB9 /* target */,
				6FC801102C0A10CA00964AB9 /* PrismDMXProApp.swift */,
				6FC801142C0A10CB00964AB9 /* Assets.xcassets */,
				6FC801162C0A10CB00964AB9 /* PrismDMXPro.entitlements */,
				6FC801172C0A10CB00964AB9 /* Preview Content */,
			);
			path = PrismDMXPro;
			sourceTree = "<group>";
		};
		6FC801172C0A10CB00964AB9 /* Preview Content */ = {
			isa = PBXGroup;
			children = (
				6FC801182C0A10CB00964AB9 /* Preview Assets.xcassets */,
			);
			path = "Preview Content";
			sourceTree = "<group>";
		};
		6FC801212C0A10CB00964AB9 /* PrismDMXProTests */ = {
			isa = PBXGroup;
			children = (
				6FC801222C0A10CB00964AB9 /* PrismDMXProTests.swift */,
			);
			path = PrismDMXProTests;
			sourceTree = "<group>";
		};
		6FC8012B2C0A10CB00964AB9 /* PrismDMXProUITests */ = {
			isa = PBXGroup;
			children = (
				6FC8012C2C0A10CB00964AB9 /* PrismDMXProUITests.swift */,
				6FC8012E2C0A10CB00964AB9 /* PrismDMXProUITestsLaunchTests.swift */,
			);
			path = PrismDMXProUITests;
			sourceTree = "<group>";
		};
		6FC8014A2C0A1BC000964AB9 /* target */ = {
			isa = PBXGroup;
			children = (
				6FC8014B2C0A1BC900964AB9 /* iOS */,
			);
			path = target;
			sourceTree = "<group>";
		};
		6FC8014B2C0A1BC900964AB9 /* iOS */ = {
			isa = PBXGroup;
			children = (
				6FC8014C2C0A1BD400964AB9 /* view */,
				6FC8014E2C0A1BDE00964AB9 /* network */,
				6FC8014D2C0A1BD900964AB9 /* data */,
			);
			path = iOS;
			sourceTree = "<group>";
		};
		6FC8014C2C0A1BD400964AB9 /* view */ = {
			isa = PBXGroup;
			children = (
				6FC801122C0A10CA00964AB9 /* parentView.swift */,
				6F0086672C0C802900910D8C /* onboarding */,
				6F0086682C0C804300910D8C /* setup */,
				6F00866B2C0C80C000910D8C /* mixer */,
				6F0086622C0BC00400910D8C /* orientation */,
			);
			path = view;
			sourceTree = "<group>";
		};
		6FC8014D2C0A1BD900964AB9 /* data */ = {
			isa = PBXGroup;
			children = (
				6FC8014F2C0A1BF200964AB9 /* clientData.swift */,
				6FC801602C0A368B00964AB9 /* packet.swift */,
			);
			path = data;
			sourceTree = "<group>";
		};
		6FC8014E2C0A1BDE00964AB9 /* network */ = {
			isa = PBXGroup;
			children = (
				6FC801532C0A1E5F00964AB9 /* ws.swift */,
			);
			path = network;
			sourceTree = "<group>";
		};
/* End PBXGroup section */

/* Begin PBXNativeTarget section */
		6FC8010C2C0A10CA00964AB9 /* PrismDMXPro */ = {
			isa = PBXNativeTarget;
			buildConfigurationList = 6FC801322C0A10CB00964AB9 /* Build configuration list for PBXNativeTarget "PrismDMXPro" */;
			buildPhases = (
				6FC801092C0A10CA00964AB9 /* Sources */,
				6FC8010A2C0A10CA00964AB9 /* Frameworks */,
				6FC8010B2C0A10CA00964AB9 /* Resources */,
			);
			buildRules = (
			);
			dependencies = (
			);
			name = PrismDMXPro;
			packageProductDependencies = (
				6FC8013C2C0A13CF00964AB9 /* OmenTextField */,
				6FC8013F2C0A14F100964AB9 /* NWWebSocket */,
				6FC801422C0A176600964AB9 /* PageView */,
				6FC801452C0A177800964AB9 /* Sliders */,
				6FC801482C0A17CD00964AB9 /* SwiftClockUI */,
			);
			productName = PrismDMXPro;
			productReference = 6FC8010D2C0A10CA00964AB9 /* PrismDMXPro.app */;
			productType = "com.apple.product-type.application";
		};
		6FC8011D2C0A10CB00964AB9 /* PrismDMXProTests */ = {
			isa = PBXNativeTarget;
			buildConfigurationList = 6FC801352C0A10CB00964AB9 /* Build configuration list for PBXNativeTarget "PrismDMXProTests" */;
			buildPhases = (
				6FC8011A2C0A10CB00964AB9 /* Sources */,
				6FC8011B2C0A10CB00964AB9 /* Frameworks */,
				6FC8011C2C0A10CB00964AB9 /* Resources */,
			);
			buildRules = (
			);
			dependencies = (
				6FC801202C0A10CB00964AB9 /* PBXTargetDependency */,
			);
			name = PrismDMXProTests;
			productName = PrismDMXProTests;
			productReference = 6FC8011E2C0A10CB00964AB9 /* PrismDMXProTests.xctest */;
			productType = "com.apple.product-type.bundle.unit-test";
		};
		6FC801272C0A10CB00964AB9 /* PrismDMXProUITests */ = {
			isa = PBXNativeTarget;
			buildConfigurationList = 6FC801382C0A10CB00964AB9 /* Build configuration list for PBXNativeTarget "PrismDMXProUITests" */;
			buildPhases = (
				6FC801242C0A10CB00964AB9 /* Sources */,
				6FC801252C0A10CB00964AB9 /* Frameworks */,
				6FC801262C0A10CB00964AB9 /* Resources */,
			);
			buildRules = (
			);
			dependencies = (
				6FC8012A2C0A10CB00964AB9 /* PBXTargetDependency */,
			);
			name = PrismDMXProUITests;
			productName = PrismDMXProUITests;
			productReference = 6FC801282C0A10CB00964AB9 /* PrismDMXProUITests.xctest */;
			productType = "com.apple.product-type.bundle.ui-testing";
		};
/* End PBXNativeTarget section */

/* Begin PBXProject section */
		6FC801052C0A10CA00964AB9 /* Project object */ = {
			isa = PBXProject;
			attributes = {
				BuildIndependentTargetsInParallel = 1;
				LastSwiftUpdateCheck = 1500;
				LastUpgradeCheck = 1540;
				TargetAttributes = {
					6FC8010C2C0A10CA00964AB9 = {
						CreatedOnToolsVersion = 15.0.1;
					};
					6FC8011D2C0A10CB00964AB9 = {
						CreatedOnToolsVersion = 15.0.1;
						TestTargetID = 6FC8010C2C0A10CA00964AB9;
					};
					6FC801272C0A10CB00964AB9 = {
						CreatedOnToolsVersion = 15.0.1;
						TestTargetID = 6FC8010C2C0A10CA00964AB9;
					};
				};
			};
			buildConfigurationList = 6FC801082C0A10CA00964AB9 /* Build configuration list for PBXProject "PrismDMXPro" */;
			compatibilityVersion = "Xcode 14.0";
			developmentRegion = en;
			hasScannedForEncodings = 0;
			knownRegions = (
				en,
				Base,
			);
			mainGroup = 6FC801042C0A10CA00964AB9;
			packageReferences = (
				6FC8013B2C0A13CF00964AB9 /* XCRemoteSwiftPackageReference "OmenTextField" */,
				6FC8013E2C0A14F100964AB9 /* XCRemoteSwiftPackageReference "NWWebSocket" */,
				6FC801412C0A176600964AB9 /* XCRemoteSwiftPackageReference "PageView" */,
				6FC801442C0A177800964AB9 /* XCRemoteSwiftPackageReference "swiftui-sliders" */,
				6FC801472C0A17CD00964AB9 /* XCRemoteSwiftPackageReference "SwiftClockUI" */,
			);
			productRefGroup = 6FC8010E2C0A10CA00964AB9 /* Products */;
			projectDirPath = "";
			projectRoot = "";
			targets = (
				6FC8010C2C0A10CA00964AB9 /* PrismDMXPro */,
				6FC8011D2C0A10CB00964AB9 /* PrismDMXProTests */,
				6FC801272C0A10CB00964AB9 /* PrismDMXProUITests */,
			);
		};
/* End PBXProject section */

/* Begin PBXResourcesBuildPhase section */
		6FC8010B2C0A10CA00964AB9 /* Resources */ = {
			isa = PBXResourcesBuildPhase;
			buildActionMask = 2147483647;
			files = (
				6FC801192C0A10CB00964AB9 /* Preview Assets.xcassets in Resources */,
				6FC801152C0A10CB00964AB9 /* Assets.xcassets in Resources */,
			);
			runOnlyForDeploymentPostprocessing = 0;
		};
		6FC8011C2C0A10CB00964AB9 /* Resources */ = {
			isa = PBXResourcesBuildPhase;
			buildActionMask = 2147483647;
			files = (
			);
			runOnlyForDeploymentPostprocessing = 0;
		};
		6FC801262C0A10CB00964AB9 /* Resources */ = {
			isa = PBXResourcesBuildPhase;
			buildActionMask = 2147483647;
			files = (
			);
			runOnlyForDeploymentPostprocessing = 0;
		};
/* End PBXResourcesBuildPhase section */

/* Begin PBXSourcesBuildPhase section */
		6FC801092C0A10CA00964AB9 /* Sources */ = {
			isa = PBXSourcesBuildPhase;
			buildActionMask = 2147483647;
			files = (
				6F0086662C0BC0B200910D8C /* right.swift in Sources */,
				6FC801502C0A1BF200964AB9 /* clientData.swift in Sources */,
				6F00866D2C0C80CD00910D8C /* mixerView.swift in Sources */,
				6FC801132C0A10CA00964AB9 /* parentView.swift in Sources */,
				6F0086642C0BC00E00910D8C /* left.swift in Sources */,
				6FC801542C0A1E5F00964AB9 /* ws.swift in Sources */,
				6FC801612C0A368B00964AB9 /* packet.swift in Sources */,
				6FC801522C0A1C0D00964AB9 /* welcomeScreen.swift in Sources */,
				6F00866A2C0C806800910D8C /* setupView.swift in Sources */,
				6F0086612C0BB08E00910D8C /* projectSelectionView.swift in Sources */,
				6FC8015E2C0A360100964AB9 /* networkingSettings.swift in Sources */,
				6FC801112C0A10CA00964AB9 /* PrismDMXProApp.swift in Sources */,
			);
			runOnlyForDeploymentPostprocessing = 0;
		};
		6FC8011A2C0A10CB00964AB9 /* Sources */ = {
			isa = PBXSourcesBuildPhase;
			buildActionMask = 2147483647;
			files = (
				6FC801232C0A10CB00964AB9 /* PrismDMXProTests.swift in Sources */,
			);
			runOnlyForDeploymentPostprocessing = 0;
		};
		6FC801242C0A10CB00964AB9 /* Sources */ = {
			isa = PBXSourcesBuildPhase;
			buildActionMask = 2147483647;
			files = (
				6FC8012F2C0A10CB00964AB9 /* PrismDMXProUITestsLaunchTests.swift in Sources */,
				6FC8012D2C0A10CB00964AB9 /* PrismDMXProUITests.swift in Sources */,
			);
			runOnlyForDeploymentPostprocessing = 0;
		};
/* End PBXSourcesBuildPhase section */

/* Begin PBXTargetDependency section */
		6FC801202C0A10CB00964AB9 /* PBXTargetDependency */ = {
			isa = PBXTargetDependency;
			target = 6FC8010C2C0A10CA00964AB9 /* PrismDMXPro */;
			targetProxy = 6FC8011F2C0A10CB00964AB9 /* PBXContainerItemProxy */;
		};
		6FC8012A2C0A10CB00964AB9 /* PBXTargetDependency */ = {
			isa = PBXTargetDependency;
			target = 6FC8010C2C0A10CA00964AB9 /* PrismDMXPro */;
			targetProxy = 6FC801292C0A10CB00964AB9 /* PBXContainerItemProxy */;
		};
/* End PBXTargetDependency section */

/* Begin XCBuildConfiguration section */
		6FC801302C0A10CB00964AB9 /* Debug */ = {
			isa = XCBuildConfiguration;
			buildSettings = {
				ALWAYS_SEARCH_USER_PATHS = NO;
				ASSETCATALOG_COMPILER_GENERATE_SWIFT_ASSET_SYMBOL_EXTENSIONS = YES;
				CLANG_ANALYZER_NONNULL = YES;
				CLANG_ANALYZER_NUMBER_OBJECT_CONVERSION = YES_AGGRESSIVE;
				CLANG_CXX_LANGUAGE_STANDARD = "gnu++20";
				CLANG_ENABLE_MODULES = YES;
				CLANG_ENABLE_OBJC_ARC = YES;
				CLANG_ENABLE_OBJC_WEAK = YES;
				CLANG_WARN_BLOCK_CAPTURE_AUTORELEASING = YES;
				CLANG_WARN_BOOL_CONVERSION = YES;
				CLANG_WARN_COMMA = YES;
				CLANG_WARN_CONSTANT_CONVERSION = YES;
				CLANG_WARN_DEPRECATED_OBJC_IMPLEMENTATIONS = YES;
				CLANG_WARN_DIRECT_OBJC_ISA_USAGE = YES_ERROR;
				CLANG_WARN_DOCUMENTATION_COMMENTS = YES;
				CLANG_WARN_EMPTY_BODY = YES;
				CLANG_WARN_ENUM_CONVERSION = YES;
				CLANG_WARN_INFINITE_RECURSION = YES;
				CLANG_WARN_INT_CONVERSION = YES;
				CLANG_WARN_NON_LITERAL_NULL_CONVERSION = YES;
				CLANG_WARN_OBJC_IMPLICIT_RETAIN_SELF = YES;
				CLANG_WARN_OBJC_LITERAL_CONVERSION = YES;
				CLANG_WARN_OBJC_ROOT_CLASS = YES_ERROR;
				CLANG_WARN_QUOTED_INCLUDE_IN_FRAMEWORK_HEADER = YES;
				CLANG_WARN_RANGE_LOOP_ANALYSIS = YES;
				CLANG_WARN_STRICT_PROTOTYPES = YES;
				CLANG_WARN_SUSPICIOUS_MOVE = YES;
				CLANG_WARN_UNGUARDED_AVAILABILITY = YES_AGGRESSIVE;
				CLANG_WARN_UNREACHABLE_CODE = YES;
				CLANG_WARN__DUPLICATE_METHOD_MATCH = YES;
				COPY_PHASE_STRIP = NO;
				DEAD_CODE_STRIPPING = YES;
				DEBUG_INFORMATION_FORMAT = dwarf;
				ENABLE_STRICT_OBJC_MSGSEND = YES;
				ENABLE_TESTABILITY = YES;
				ENABLE_USER_SCRIPT_SANDBOXING = YES;
				GCC_C_LANGUAGE_STANDARD = gnu17;
				GCC_DYNAMIC_NO_PIC = NO;
				GCC_NO_COMMON_BLOCKS = YES;
				GCC_OPTIMIZATION_LEVEL = 0;
				GCC_PREPROCESSOR_DEFINITIONS = (
					"DEBUG=1",
					"$(inherited)",
				);
				GCC_WARN_64_TO_32_BIT_CONVERSION = YES;
				GCC_WARN_ABOUT_RETURN_TYPE = YES_ERROR;
				GCC_WARN_UNDECLARED_SELECTOR = YES;
				GCC_WARN_UNINITIALIZED_AUTOS = YES_AGGRESSIVE;
				GCC_WARN_UNUSED_FUNCTION = YES;
				GCC_WARN_UNUSED_VARIABLE = YES;
				LOCALIZATION_PREFERS_STRING_CATALOGS = YES;
				MTL_ENABLE_DEBUG_INFO = INCLUDE_SOURCE;
				MTL_FAST_MATH = YES;
				ONLY_ACTIVE_ARCH = YES;
				SWIFT_ACTIVE_COMPILATION_CONDITIONS = "DEBUG $(inherited)";
				SWIFT_OPTIMIZATION_LEVEL = "-Onone";
			};
			name = Debug;
		};
		6FC801312C0A10CB00964AB9 /* Release */ = {
			isa = XCBuildConfiguration;
			buildSettings = {
				ALWAYS_SEARCH_USER_PATHS = NO;
				ASSETCATALOG_COMPILER_GENERATE_SWIFT_ASSET_SYMBOL_EXTENSIONS = YES;
				CLANG_ANALYZER_NONNULL = YES;
				CLANG_ANALYZER_NUMBER_OBJECT_CONVERSION = YES_AGGRESSIVE;
				CLANG_CXX_LANGUAGE_STANDARD = "gnu++20";
				CLANG_ENABLE_MODULES = YES;
				CLANG_ENABLE_OBJC_ARC = YES;
				CLANG_ENABLE_OBJC_WEAK = YES;
				CLANG_WARN_BLOCK_CAPTURE_AUTORELEASING = YES;
				CLANG_WARN_BOOL_CONVERSION = YES;
				CLANG_WARN_COMMA = YES;
				CLANG_WARN_CONSTANT_CONVERSION = YES;
				CLANG_WARN_DEPRECATED_OBJC_IMPLEMENTATIONS = YES;
				CLANG_WARN_DIRECT_OBJC_ISA_USAGE = YES_ERROR;
				CLANG_WARN_DOCUMENTATION_COMMENTS = YES;
				CLANG_WARN_EMPTY_BODY = YES;
				CLANG_WARN_ENUM_CONVERSION = YES;
				CLANG_WARN_INFINITE_RECURSION = YES;
				CLANG_WARN_INT_CONVERSION = YES;
				CLANG_WARN_NON_LITERAL_NULL_CONVERSION = YES;
				CLANG_WARN_OBJC_IMPLICIT_RETAIN_SELF = YES;
				CLANG_WARN_OBJC_LITERAL_CONVERSION = YES;
				CLANG_WARN_OBJC_ROOT_CLASS = YES_ERROR;
				CLANG_WARN_QUOTED_INCLUDE_IN_FRAMEWORK_HEADER = YES;
				CLANG_WARN_RANGE_LOOP_ANALYSIS = YES;
				CLANG_WARN_STRICT_PROTOTYPES = YES;
				CLANG_WARN_SUSPICIOUS_MOVE = YES;
				CLANG_WARN_UNGUARDED_AVAILABILITY = YES_AGGRESSIVE;
				CLANG_WARN_UNREACHABLE_CODE = YES;
				CLANG_WARN__DUPLICATE_METHOD_MATCH = YES;
				COPY_PHASE_STRIP = NO;
				DEAD_CODE_STRIPPING = YES;
				DEBUG_INFORMATION_FORMAT = "dwarf-with-dsym";
				ENABLE_NS_ASSERTIONS = NO;
				ENABLE_STRICT_OBJC_MSGSEND = YES;
				ENABLE_USER_SCRIPT_SANDBOXING = YES;
				GCC_C_LANGUAGE_STANDARD = gnu17;
				GCC_NO_COMMON_BLOCKS = YES;
				GCC_WARN_64_TO_32_BIT_CONVERSION = YES;
				GCC_WARN_ABOUT_RETURN_TYPE = YES_ERROR;
				GCC_WARN_UNDECLARED_SELECTOR = YES;
				GCC_WARN_UNINITIALIZED_AUTOS = YES_AGGRESSIVE;
				GCC_WARN_UNUSED_FUNCTION = YES;
				GCC_WARN_UNUSED_VARIABLE = YES;
				LOCALIZATION_PREFERS_STRING_CATALOGS = YES;
				MTL_ENABLE_DEBUG_INFO = NO;
				MTL_FAST_MATH = YES;
				SWIFT_COMPILATION_MODE = wholemodule;
			};
			name = Release;
		};
		6FC801332C0A10CB00964AB9 /* Debug */ = {
			isa = XCBuildConfiguration;
			buildSettings = {
				ASSETCATALOG_COMPILER_APPICON_NAME = AppIcon;
				ASSETCATALOG_COMPILER_GLOBAL_ACCENT_COLOR_NAME = AccentColor;
				CODE_SIGN_ENTITLEMENTS = PrismDMXPro/PrismDMXPro.entitlements;
				CODE_SIGN_STYLE = Automatic;
				CURRENT_PROJECT_VERSION = 1;
				DEAD_CODE_STRIPPING = YES;
				DEVELOPMENT_ASSET_PATHS = "\"PrismDMXPro/Preview Content\"";
				DEVELOPMENT_TEAM = 9S54AW6283;
				ENABLE_HARDENED_RUNTIME = YES;
				ENABLE_PREVIEWS = YES;
				GENERATE_INFOPLIST_FILE = YES;
				INFOPLIST_KEY_CFBundleDisplayName = "PrismDMX Pro";
				INFOPLIST_KEY_LSApplicationCategoryType = "public.app-category.productivity";
				"INFOPLIST_KEY_UIApplicationSceneManifest_Generation[sdk=iphoneos*]" = YES;
				"INFOPLIST_KEY_UIApplicationSceneManifest_Generation[sdk=iphonesimulator*]" = YES;
				"INFOPLIST_KEY_UIApplicationSupportsIndirectInputEvents[sdk=iphoneos*]" = YES;
				"INFOPLIST_KEY_UIApplicationSupportsIndirectInputEvents[sdk=iphonesimulator*]" = YES;
				"INFOPLIST_KEY_UILaunchScreen_Generation[sdk=iphoneos*]" = YES;
				"INFOPLIST_KEY_UILaunchScreen_Generation[sdk=iphonesimulator*]" = YES;
				"INFOPLIST_KEY_UIStatusBarStyle[sdk=iphoneos*]" = UIStatusBarStyleDefault;
				"INFOPLIST_KEY_UIStatusBarStyle[sdk=iphonesimulator*]" = UIStatusBarStyleDefault;
				INFOPLIST_KEY_UISupportedInterfaceOrientations = "UIInterfaceOrientationLandscapeLeft UIInterfaceOrientationLandscapeRight UIInterfaceOrientationPortrait";
				INFOPLIST_KEY_UISupportedInterfaceOrientations_iPad = "UIInterfaceOrientationLandscapeLeft UIInterfaceOrientationLandscapeRight UIInterfaceOrientationPortrait UIInterfaceOrientationPortraitUpsideDown";
				IPHONEOS_DEPLOYMENT_TARGET = 17.0;
				LD_RUNPATH_SEARCH_PATHS = "@executable_path/Frameworks";
				"LD_RUNPATH_SEARCH_PATHS[sdk=macosx*]" = "@executable_path/../Frameworks";
				MACOSX_DEPLOYMENT_TARGET = 14.0;
				MARKETING_VERSION = 2.0.1;
				PRODUCT_BUNDLE_IDENTIFIER = de.simpelmic.pmxpro;
				PRODUCT_NAME = "$(TARGET_NAME)";
				SDKROOT = auto;
				SUPPORTED_PLATFORMS = "iphoneos iphonesimulator";
				SUPPORTS_MACCATALYST = NO;
				SWIFT_EMIT_LOC_STRINGS = YES;
				SWIFT_VERSION = 5.0;
				TARGETED_DEVICE_FAMILY = 2;
			};
			name = Debug;
		};
		6FC801342C0A10CB00964AB9 /* Release */ = {
			isa = XCBuildConfiguration;
			buildSettings = {
				ASSETCATALOG_COMPILER_APPICON_NAME = AppIcon;
				ASSETCATALOG_COMPILER_GLOBAL_ACCENT_COLOR_NAME = AccentColor;
				CODE_SIGN_ENTITLEMENTS = PrismDMXPro/PrismDMXPro.entitlements;
				CODE_SIGN_STYLE = Automatic;
				CURRENT_PROJECT_VERSION = 1;
				DEAD_CODE_STRIPPING = YES;
				DEVELOPMENT_ASSET_PATHS = "\"PrismDMXPro/Preview Content\"";
				DEVELOPMENT_TEAM = 9S54AW6283;
				ENABLE_HARDENED_RUNTIME = YES;
				ENABLE_PREVIEWS = YES;
				GENERATE_INFOPLIST_FILE = YES;
				INFOPLIST_KEY_CFBundleDisplayName = "PrismDMX Pro";
				INFOPLIST_KEY_LSApplicationCategoryType = "public.app-category.productivity";
				"INFOPLIST_KEY_UIApplicationSceneManifest_Generation[sdk=iphoneos*]" = YES;
				"INFOPLIST_KEY_UIApplicationSceneManifest_Generation[sdk=iphonesimulator*]" = YES;
				"INFOPLIST_KEY_UIApplicationSupportsIndirectInputEvents[sdk=iphoneos*]" = YES;
				"INFOPLIST_KEY_UIApplicationSupportsIndirectInputEvents[sdk=iphonesimulator*]" = YES;
				"INFOPLIST_KEY_UILaunchScreen_Generation[sdk=iphoneos*]" = YES;
				"INFOPLIST_KEY_UILaunchScreen_Generation[sdk=iphonesimulator*]" = YES;
				"INFOPLIST_KEY_UIStatusBarStyle[sdk=iphoneos*]" = UIStatusBarStyleDefault;
				"INFOPLIST_KEY_UIStatusBarStyle[sdk=iphonesimulator*]" = UIStatusBarStyleDefault;
				INFOPLIST_KEY_UISupportedInterfaceOrientations = "UIInterfaceOrientationLandscapeLeft UIInterfaceOrientationLandscapeRight UIInterfaceOrientationPortrait";
				INFOPLIST_KEY_UISupportedInterfaceOrientations_iPad = "UIInterfaceOrientationLandscapeLeft UIInterfaceOrientationLandscapeRight UIInterfaceOrientationPortrait UIInterfaceOrientationPortraitUpsideDown";
				IPHONEOS_DEPLOYMENT_TARGET = 17.0;
				LD_RUNPATH_SEARCH_PATHS = "@executable_path/Frameworks";
				"LD_RUNPATH_SEARCH_PATHS[sdk=macosx*]" = "@executable_path/../Frameworks";
				MACOSX_DEPLOYMENT_TARGET = 14.0;
				MARKETING_VERSION = 2.0.1;
				PRODUCT_BUNDLE_IDENTIFIER = de.simpelmic.pmxpro;
				PRODUCT_NAME = "$(TARGET_NAME)";
				SDKROOT = auto;
				SUPPORTED_PLATFORMS = "iphoneos iphonesimulator";
				SUPPORTS_MACCATALYST = NO;
				SWIFT_EMIT_LOC_STRINGS = YES;
				SWIFT_VERSION = 5.0;
				TARGETED_DEVICE_FAMILY = 2;
			};
			name = Release;
		};
		6FC801362C0A10CB00964AB9 /* Debug */ = {
			isa = XCBuildConfiguration;
			buildSettings = {
				ALWAYS_EMBED_SWIFT_STANDARD_LIBRARIES = YES;
				BUNDLE_LOADER = "$(TEST_HOST)";
				CODE_SIGN_STYLE = Automatic;
				CURRENT_PROJECT_VERSION = 1;
				DEAD_CODE_STRIPPING = YES;
				DEVELOPMENT_TEAM = A85Q5NP5JW;
				GENERATE_INFOPLIST_FILE = YES;
				IPHONEOS_DEPLOYMENT_TARGET = 17.0;
				MACOSX_DEPLOYMENT_TARGET = 14.0;
				MARKETING_VERSION = 1.0;
				PRODUCT_BUNDLE_IDENTIFIER = de.micstudios.PrismDMXProTests;
				PRODUCT_NAME = "$(TARGET_NAME)";
				SDKROOT = auto;
				SUPPORTED_PLATFORMS = "iphoneos iphonesimulator macosx";
				SWIFT_EMIT_LOC_STRINGS = NO;
				SWIFT_VERSION = 5.0;
				TARGETED_DEVICE_FAMILY = "1,2";
				TEST_HOST = "$(BUILT_PRODUCTS_DIR)/PrismDMXPro.app/$(BUNDLE_EXECUTABLE_FOLDER_PATH)/PrismDMXPro";
			};
			name = Debug;
		};
		6FC801372C0A10CB00964AB9 /* Release */ = {
			isa = XCBuildConfiguration;
			buildSettings = {
				ALWAYS_EMBED_SWIFT_STANDARD_LIBRARIES = YES;
				BUNDLE_LOADER = "$(TEST_HOST)";
				CODE_SIGN_STYLE = Automatic;
				CURRENT_PROJECT_VERSION = 1;
				DEAD_CODE_STRIPPING = YES;
				DEVELOPMENT_TEAM = A85Q5NP5JW;
				GENERATE_INFOPLIST_FILE = YES;
				IPHONEOS_DEPLOYMENT_TARGET = 17.0;
				MACOSX_DEPLOYMENT_TARGET = 14.0;
				MARKETING_VERSION = 1.0;
				PRODUCT_BUNDLE_IDENTIFIER = de.micstudios.PrismDMXProTests;
				PRODUCT_NAME = "$(TARGET_NAME)";
				SDKROOT = auto;
				SUPPORTED_PLATFORMS = "iphoneos iphonesimulator macosx";
				SWIFT_EMIT_LOC_STRINGS = NO;
				SWIFT_VERSION = 5.0;
				TARGETED_DEVICE_FAMILY = "1,2";
				TEST_HOST = "$(BUILT_PRODUCTS_DIR)/PrismDMXPro.app/$(BUNDLE_EXECUTABLE_FOLDER_PATH)/PrismDMXPro";
			};
			name = Release;
		};
		6FC801392C0A10CB00964AB9 /* Debug */ = {
			isa = XCBuildConfiguration;
			buildSettings = {
				ALWAYS_EMBED_SWIFT_STANDARD_LIBRARIES = YES;
				CODE_SIGN_STYLE = Automatic;
				CURRENT_PROJECT_VERSION = 1;
				DEAD_CODE_STRIPPING = YES;
				DEVELOPMENT_TEAM = A85Q5NP5JW;
				GENERATE_INFOPLIST_FILE = YES;
				IPHONEOS_DEPLOYMENT_TARGET = 17.0;
				MACOSX_DEPLOYMENT_TARGET = 14.0;
				MARKETING_VERSION = 1.0;
				PRODUCT_BUNDLE_IDENTIFIER = de.micstudios.PrismDMXProUITests;
				PRODUCT_NAME = "$(TARGET_NAME)";
				SDKROOT = auto;
				SUPPORTED_PLATFORMS = "iphoneos iphonesimulator macosx";
				SWIFT_EMIT_LOC_STRINGS = NO;
				SWIFT_VERSION = 5.0;
				TARGETED_DEVICE_FAMILY = "1,2";
				TEST_TARGET_NAME = PrismDMXPro;
			};
			name = Debug;
		};
		6FC8013A2C0A10CB00964AB9 /* Release */ = {
			isa = XCBuildConfiguration;
			buildSettings = {
				ALWAYS_EMBED_SWIFT_STANDARD_LIBRARIES = YES;
				CODE_SIGN_STYLE = Automatic;
				CURRENT_PROJECT_VERSION = 1;
				DEAD_CODE_STRIPPING = YES;
				DEVELOPMENT_TEAM = A85Q5NP5JW;
				GENERATE_INFOPLIST_FILE = YES;
				IPHONEOS_DEPLOYMENT_TARGET = 17.0;
				MACOSX_DEPLOYMENT_TARGET = 14.0;
				MARKETING_VERSION = 1.0;
				PRODUCT_BUNDLE_IDENTIFIER = de.micstudios.PrismDMXProUITests;
				PRODUCT_NAME = "$(TARGET_NAME)";
				SDKROOT = auto;
				SUPPORTED_PLATFORMS = "iphoneos iphonesimulator macosx";
				SWIFT_EMIT_LOC_STRINGS = NO;
				SWIFT_VERSION = 5.0;
				TARGETED_DEVICE_FAMILY = "1,2";
				TEST_TARGET_NAME = PrismDMXPro;
			};
			name = Release;
		};
/* End XCBuildConfiguration section */

/* Begin XCConfigurationList section */
		6FC801082C0A10CA00964AB9 /* Build configuration list for PBXProject "PrismDMXPro" */ = {
			isa = XCConfigurationList;
			buildConfigurations = (
				6FC801302C0A10CB00964AB9 /* Debug */,
				6FC801312C0A10CB00964AB9 /* Release */,
			);
			defaultConfigurationIsVisible = 0;
			defaultConfigurationName = Release;
		};
		6FC801322C0A10CB00964AB9 /* Build configuration list for PBXNativeTarget "PrismDMXPro" */ = {
			isa = XCConfigurationList;
			buildConfigurations = (
				6FC801332C0A10CB00964AB9 /* Debug */,
				6FC801342C0A10CB00964AB9 /* Release */,
			);
			defaultConfigurationIsVisible = 0;
			defaultConfigurationName = Release;
		};
		6FC801352C0A10CB00964AB9 /* Build configuration list for PBXNativeTarget "PrismDMXProTests" */ = {
			isa = XCConfigurationList;
			buildConfigurations = (
				6FC801362C0A10CB00964AB9 /* Debug */,
				6FC801372C0A10CB00964AB9 /* Release */,
			);
			defaultConfigurationIsVisible = 0;
			defaultConfigurationName = Release;
		};
		6FC801382C0A10CB00964AB9 /* Build configuration list for PBXNativeTarget "PrismDMXProUITests" */ = {
			isa = XCConfigurationList;
			buildConfigurations = (
				6FC801392C0A10CB00964AB9 /* Debug */,
				6FC8013A2C0A10CB00964AB9 /* Release */,
			);
			defaultConfigurationIsVisible = 0;
			defaultConfigurationName = Release;
		};
/* End XCConfigurationList section */

/* Begin XCRemoteSwiftPackageReference section */
		6FC8013B2C0A13CF00964AB9 /* XCRemoteSwiftPackageReference "OmenTextField" */ = {
			isa = XCRemoteSwiftPackageReference;
			repositoryURL = "https://github.com/kitlangton/OmenTextField";
			requirement = {
				kind = upToNextMajorVersion;
				minimumVersion = 0.0.6;
			};
		};
		6FC8013E2C0A14F100964AB9 /* XCRemoteSwiftPackageReference "NWWebSocket" */ = {
			isa = XCRemoteSwiftPackageReference;
			repositoryURL = "https://github.com/pusher/NWWebSocket";
			requirement = {
				kind = upToNextMajorVersion;
				minimumVersion = 0.5.4;
			};
		};
		6FC801412C0A176600964AB9 /* XCRemoteSwiftPackageReference "PageView" */ = {
			isa = XCRemoteSwiftPackageReference;
			repositoryURL = "https://github.com/fredyshox/PageView";
			requirement = {
				kind = upToNextMajorVersion;
				minimumVersion = 1.5.1;
			};
		};
		6FC801442C0A177800964AB9 /* XCRemoteSwiftPackageReference "swiftui-sliders" */ = {
			isa = XCRemoteSwiftPackageReference;
			repositoryURL = "https://github.com/spacenation/swiftui-sliders";
			requirement = {
				kind = upToNextMajorVersion;
				minimumVersion = 2.1.0;
			};
		};
		6FC801472C0A17CD00964AB9 /* XCRemoteSwiftPackageReference "SwiftClockUI" */ = {
			isa = XCRemoteSwiftPackageReference;
			repositoryURL = "https://github.com/renaudjenny/SwiftClockUI";
			requirement = {
				kind = upToNextMajorVersion;
				minimumVersion = 2.0.0;
			};
		};
/* End XCRemoteSwiftPackageReference section */

/* Begin XCSwiftPackageProductDependency section */
		6FC8013C2C0A13CF00964AB9 /* OmenTextField */ = {
			isa = XCSwiftPackageProductDependency;
			package = 6FC8013B2C0A13CF00964AB9 /* XCRemoteSwiftPackageReference "OmenTextField" */;
			productName = OmenTextField;
		};
		6FC8013F2C0A14F100964AB9 /* NWWebSocket */ = {
			isa = XCSwiftPackageProductDependency;
			package = 6FC8013E2C0A14F100964AB9 /* XCRemoteSwiftPackageReference "NWWebSocket" */;
			productName = NWWebSocket;
		};
		6FC801422C0A176600964AB9 /* PageView */ = {
			isa = XCSwiftPackageProductDependency;
			package = 6FC801412C0A176600964AB9 /* XCRemoteSwiftPackageReference "PageView" */;
			productName = PageView;
		};
		6FC801452C0A177800964AB9 /* Sliders */ = {
			isa = XCSwiftPackageProductDependency;
			package = 6FC801442C0A177800964AB9 /* XCRemoteSwiftPackageReference "swiftui-sliders" */;
			productName = Sliders;
		};
		6FC801482C0A17CD00964AB9 /* SwiftClockUI */ = {
			isa = XCSwiftPackageProductDependency;
			package = 6FC801472C0A17CD00964AB9 /* XCRemoteSwiftPackageReference "SwiftClockUI" */;
			productName = SwiftClockUI;
		};
/* End XCSwiftPackageProductDependency section */
	};
	rootObject = 6FC801052C0A10CA00964AB9 /* Project object */;
}
